# THIS IS AN AUTOGENERATED FILE. DO NOT EDIT THIS FILE DIRECTLY.
# yarn lockfile v1


cornerstone-core@^2.3.0:
  version "2.3.0"
  resolved "https://registry.yarnpkg.com/cornerstone-core/-/cornerstone-core-2.3.0.tgz#b16430b0dc3883c795fbbd5f64d0f6357f91c889"
  integrity sha512-1LiCfRIlQvR1j8OhF7/3pvvQvvnTYZUywEkuoEo5K5mMrlKdrQMS75uW1uXb/nXShQDJyyjtTCQSVGgv2yHA+w==

dicom-parser@^1.8.4:
  version "1.8.4"
  resolved "https://registry.yarnpkg.com/dicom-parser/-/dicom-parser-1.8.4.tgz#79b8150734fd94fa1df11437f418834b832c7cbf"
  integrity sha512-molS7D0rjM6nei4sWEraAwuUTqQmVlQbKNeww+HjauKM6wSJqranR6tIFJ2YUvHbIk2xKXqVmOFpTU8BKtevBw==

lodash@^4.17.15:
  version "4.17.15"
  resolved "https://registry.yarnpkg.com/lodash/-/lodash-4.17.15.tgz#b447f6670a0455bbfeedd11392eff330ea097548"
  integrity sha512-8xOcRHvCjnocdS5cpwXQXVzmmh5e5+saE2QGoeQmbKmRS6J3VQppPOIt0MnmE+4xlZoumy0GPG0D0MVIQbNA1A==

nrrd-js@^0.2.1:
  version "0.2.1"
  resolved "https://registry.yarnpkg.com/nrrd-js/-/nrrd-js-0.2.1.tgz#b477cf782f2cd5c58a85339b255c8016785a8045"
  integrity sha1-tHfPeC8s1cWKhTObJVyAFnhagEU=

pako@^1.0.10:
  version "1.0.10"
  resolved "https://registry.yarnpkg.com/pako/-/pako-1.0.10.tgz#4328badb5086a426aa90f541977d4955da5c9732"
  integrity sha512-0DTvPVU3ed8+HNXOu5Bs+o//Mbdj9VNQMUOe9oKCwh8l0GNwpTDMKCWbRjgtD291AWnkAgkqA/LOnQS8AmS1tw==
